
Microsoft Visual Studio Solution File, Format Version 12.00
# Visual Studio 15
VisualStudioVersion = 15.0.27703.2026
MinimumVisualStudioVersion = 10.0.40219.1
Project("{FAE04EC0-301F-11D3-BF4B-00C04F79EFBC}") = "WareHouse.Main", "WareHouse.Main\WareHouse.Main.csproj", "{072218B2-D4EA-4FD3-A08E-3E5B70DCFA4A}"
EndProject
Project("{FAE04EC0-301F-11D3-BF4B-00C04F79EFBC}") = "WareHouse.ConnStr", "WareHouse.ConnStr\WareHouse.ConnStr.csproj", "{BF2A5867-D3C8-40E3-8D63-8C29A01CA47B}"
EndProject
Project("{FAE04EC0-301F-11D3-BF4B-00C04F79EFBC}") = "WareHouse.Statement", "WareHouse.Statement\WareHouse.Statement.csproj", "{6E617AC0-E5BB-47EC-9CFC-82D5BE9824B9}"
EndProject
Project("{FAE04EC0-301F-11D3-BF4B-00C04F79EFBC}") = "WareHouse.Administrator", "WareHouse.Administrator\WareHouse.Administrator.csproj", "{5B51D842-BBC9-4179-B87F-967D8EFA9865}"
EndProject
Global
	GlobalSection(SolutionConfigurationPlatforms) = preSolution
		Debug|Any CPU = Debug|Any CPU
		Release|Any CPU = Release|Any CPU
	EndGlobalSection
	GlobalSection(ProjectConfigurationPlatforms) = postSolution
		{072218B2-D4EA-4FD3-A08E-3E5B70DCFA4A}.Debug|Any CPU.ActiveCfg = Debug|Any CPU
		{072218B2-D4EA-4FD3-A08E-3E5B70DCFA4A}.Debug|Any CPU.Build.0 = Debug|Any CPU
		{072218B2-D4EA-4FD3-A08E-3E5B70DCFA4A}.Release|Any CPU.ActiveCfg = Release|Any CPU
		{072218B2-D4EA-4FD3-A08E-3E5B70DCFA4A}.Release|Any CPU.Build.0 = Release|Any CPU
		{BF2A5867-D3C8-40E3-8D63-8C29A01CA47B}.Debug|Any CPU.ActiveCfg = Debug|Any CPU
		{BF2A5867-D3C8-40E3-8D63-8C29A01CA47B}.Debug|Any CPU.Build.0 = Debug|Any CPU
		{BF2A5867-D3C8-40E3-8D63-8C29A01CA47B}.Release|Any CPU.ActiveCfg = Release|Any CPU
		{BF2A5867-D3C8-40E3-8D63-8C29A01CA47B}.Release|Any CPU.Build.0 = Release|Any CPU
		{6E617AC0-E5BB-47EC-9CFC-82D5BE9824B9}.Debug|Any CPU.ActiveCfg = Debug|Any CPU
		{6E617AC0-E5BB-47EC-9CFC-82D5BE9824B9}.Debug|Any CPU.Build.0 = Debug|Any CPU
		{6E617AC0-E5BB-47EC-9CFC-82D5BE9824B9}.Release|Any CPU.ActiveCfg = Release|Any CPU
		{6E617AC0-E5BB-47EC-9CFC-82D5BE9824B9}.Release|Any CPU.Build.0 = Release|Any CPU
		{5B51D842-BBC9-4179-B87F-967D8EFA9865}.Debug|Any CPU.ActiveCfg = Debug|Any CPU
		{5B51D842-BBC9-4179-B87F-967D8EFA9865}.Debug|Any CPU.Build.0 = Debug|Any CPU
		{5B51D842-BBC9-4179-B87F-967D8EFA9865}.Release|Any CPU.ActiveCfg = Release|Any CPU
		{5B51D842-BBC9-4179-B87F-967D8EFA9865}.Release|Any CPU.Build.0 = Release|Any CPU
	EndGlobalSection
	GlobalSection(SolutionProperties) = preSolution
		HideSolutionNode = FALSE
	EndGlobalSection
	GlobalSection(ExtensibilityGlobals) = postSolution
		SolutionGuid = {92F6A1A3-3F94-42BF-8DB7-545F2EFED341}
	EndGlobalSection
EndGlobal
